
Microsoft Visual Studio Solution File, Format Version 12.00
# Visual Studio Version 17
VisualStudioVersion = 17.9.34728.123
MinimumVisualStudioVersion = 10.0.40219.1
Project("{9A19103F-16F7-4668-BE54-9A1E7A4F7556}") = "Kitchen.API", "Kitchen\Kitchen.API.csproj", "{FCF96EA2-5D23-43B9-8D1B-71502E186A3C}"
EndProject
Project("{9A19103F-16F7-4668-BE54-9A1E7A4F7556}") = "Kitchen.Infra", "Kitchen.Infra\Kitchen.Infra.csproj", "{D5CC7346-67DA-4A40-A9FD-3CAF0061901D}"
EndProject
Project("{9A19103F-16F7-4668-BE54-9A1E7A4F7556}") = "Kitchen.Application", "Kitchen.Application\Kitchen.Application.csproj", "{BB4DA213-9DB4-4E11-A2F8-F238632C8937}"
EndProject
Project("{9A19103F-16F7-4668-BE54-9A1E7A4F7556}") = "Kitchen.Domain", "Kitchen.Domain\Kitchen.Domain.csproj", "{32DC1E61-2FD6-4F46-97D3-CC2AA3EB6DA6}"
EndProject
Global
	GlobalSection(SolutionConfigurationPlatforms) = preSolution
		Debug|Any CPU = Debug|Any CPU
		Release|Any CPU = Release|Any CPU
	EndGlobalSection
	GlobalSection(ProjectConfigurationPlatforms) = postSolution
		{FCF96EA2-5D23-43B9-8D1B-71502E186A3C}.Debug|Any CPU.ActiveCfg = Debug|Any CPU
		{FCF96EA2-5D23-43B9-8D1B-71502E186A3C}.Debug|Any CPU.Build.0 = Debug|Any CPU
		{FCF96EA2-5D23-43B9-8D1B-71502E186A3C}.Release|Any CPU.ActiveCfg = Release|Any CPU
		{FCF96EA2-5D23-43B9-8D1B-71502E186A3C}.Release|Any CPU.Build.0 = Release|Any CPU
		{D5CC7346-67DA-4A40-A9FD-3CAF0061901D}.Debug|Any CPU.ActiveCfg = Debug|Any CPU
		{D5CC7346-67DA-4A40-A9FD-3CAF0061901D}.Debug|Any CPU.Build.0 = Debug|Any CPU
		{D5CC7346-67DA-4A40-A9FD-3CAF0061901D}.Release|Any CPU.ActiveCfg = Release|Any CPU
		{D5CC7346-67DA-4A40-A9FD-3CAF0061901D}.Release|Any CPU.Build.0 = Release|Any CPU
		{BB4DA213-9DB4-4E11-A2F8-F238632C8937}.Debug|Any CPU.ActiveCfg = Debug|Any CPU
		{BB4DA213-9DB4-4E11-A2F8-F238632C8937}.Debug|Any CPU.Build.0 = Debug|Any CPU
		{BB4DA213-9DB4-4E11-A2F8-F238632C8937}.Release|Any CPU.ActiveCfg = Release|Any CPU
		{BB4DA213-9DB4-4E11-A2F8-F238632C8937}.Release|Any CPU.Build.0 = Release|Any CPU
		{32DC1E61-2FD6-4F46-97D3-CC2AA3EB6DA6}.Debug|Any CPU.ActiveCfg = Debug|Any CPU
		{32DC1E61-2FD6-4F46-97D3-CC2AA3EB6DA6}.Debug|Any CPU.Build.0 = Debug|Any CPU
		{32DC1E61-2FD6-4F46-97D3-CC2AA3EB6DA6}.Release|Any CPU.ActiveCfg = Release|Any CPU
		{32DC1E61-2FD6-4F46-97D3-CC2AA3EB6DA6}.Release|Any CPU.Build.0 = Release|Any CPU
	EndGlobalSection
	GlobalSection(SolutionProperties) = preSolution
		HideSolutionNode = FALSE
	EndGlobalSection
	GlobalSection(ExtensibilityGlobals) = postSolution
		SolutionGuid = {B7338417-FBD8-44CB-97A2-65B04E6D6028}
	EndGlobalSection
EndGlobal
